
Microsoft Visual Studio Solution File, Format Version 12.00
# Visual Studio 15
VisualStudioVersion = 15.0.28307.106
MinimumVisualStudioVersion = 10.0.40219.1
Project("{FAE04EC0-301F-11D3-BF4B-00C04F79EFBC}") = "Pathfinding", "Pathfinding\Pathfinding.csproj", "{CAF7F20C-E3A7-4F0E-88CC-8B9BD03C71C8}"
EndProject
Global
	GlobalSection(SolutionConfigurationPlatforms) = preSolution
		Debug|Any CPU = Debug|Any CPU
		Release|Any CPU = Release|Any CPU
	EndGlobalSection
	GlobalSection(ProjectConfigurationPlatforms) = postSolution
		{CAF7F20C-E3A7-4F0E-88CC-8B9BD03C71C8}.Debug|Any CPU.ActiveCfg = Debug|Any CPU
		{CAF7F20C-E3A7-4F0E-88CC-8B9BD03C71C8}.Debug|Any CPU.Build.0 = Debug|Any CPU
		{CAF7F20C-E3A7-4F0E-88CC-8B9BD03C71C8}.Release|Any CPU.ActiveCfg = Release|Any CPU
		{CAF7F20C-E3A7-4F0E-88CC-8B9BD03C71C8}.Release|Any CPU.Build.0 = Release|Any CPU
	EndGlobalSection
	GlobalSection(SolutionProperties) = preSolution
		HideSolutionNode = FALSE
	EndGlobalSection
	GlobalSection(ExtensibilityGlobals) = postSolution
		SolutionGuid = {6ECBF833-4D8E-4D9A-AE76-25B96C541993}
	EndGlobalSection
EndGlobal
